
Microsoft Visual Studio Solution File, Format Version 12.00
# Visual Studio Version 17
VisualStudioVersion = 17.8.34322.80
MinimumVisualStudioVersion = 10.0.40219.1
Project("{FAE04EC0-301F-11D3-BF4B-00C04F79EFBC}") = "SirenValidity", "SirenValidity.csproj", "{C2A87EED-7624-43A4-A121-2A257346D9A5}"
EndProject
Global
	GlobalSection(SolutionConfigurationPlatforms) = preSolution
		Debug|Any CPU = Debug|Any CPU
		Release|Any CPU = Release|Any CPU
	EndGlobalSection
	GlobalSection(ProjectConfigurationPlatforms) = postSolution
		{C2A87EED-7624-43A4-A121-2A257346D9A5}.Debug|Any CPU.ActiveCfg = Debug|Any CPU
		{C2A87EED-7624-43A4-A121-2A257346D9A5}.Debug|Any CPU.Build.0 = Debug|Any CPU
		{C2A87EED-7624-43A4-A121-2A257346D9A5}.Release|Any CPU.ActiveCfg = Release|Any CPU
		{C2A87EED-7624-43A4-A121-2A257346D9A5}.Release|Any CPU.Build.0 = Release|Any CPU
	EndGlobalSection
	GlobalSection(SolutionProperties) = preSolution
		HideSolutionNode = FALSE
	EndGlobalSection
	GlobalSection(ExtensibilityGlobals) = postSolution
		SolutionGuid = {AD8749C3-F89F-412C-AB60-A53A260E4D15}
	EndGlobalSection
EndGlobal
